{
  "name": "moltgrid-py",
  "lockfileVersion": 3,
  "requires": true,
  "packages": {
    "": {
      "dependencies": {
        "moltgrid": "^0.1.0"
      }
    },
    "node_modules/moltgrid": {
      "version": "0.1.0",
      "resolved": "https://registry.npmjs.org/moltgrid/-/moltgrid-0.1.0.tgz",
      "integrity": "sha512-SZCLumJFOkBXHbYqguaiOLCzh1Z+5k8eV6iD2W9JYyKFpP59B9g676kUJsErs69GfkaNWhzFJd4mAd65eHqjUw==",
      "license": "MIT",
      "engines": {
        "node": ">=18.0.0"
      }
    }
  }
}
